
Microsoft Visual Studio Solution File, Format Version 12.00
# Visual Studio Version 17
VisualStudioVersion = 17.9.34714.143
MinimumVisualStudioVersion = 10.0.40219.1
Project("{FAE04EC0-301F-11D3-BF4B-00C04F79EFBC}") = "Lab4", "Lab4\Lab4.csproj", "{CC800ECC-EB27-48E1-9F83-615DED09C44A}"
EndProject
Global
	GlobalSection(SolutionConfigurationPlatforms) = preSolution
		Debug|Any CPU = Debug|Any CPU
		Release|Any CPU = Release|Any CPU
	EndGlobalSection
	GlobalSection(ProjectConfigurationPlatforms) = postSolution
		{CC800ECC-EB27-48E1-9F83-615DED09C44A}.Debug|Any CPU.ActiveCfg = Debug|Any CPU
		{CC800ECC-EB27-48E1-9F83-615DED09C44A}.Debug|Any CPU.Build.0 = Debug|Any CPU
		{CC800ECC-EB27-48E1-9F83-615DED09C44A}.Release|Any CPU.ActiveCfg = Release|Any CPU
		{CC800ECC-EB27-48E1-9F83-615DED09C44A}.Release|Any CPU.Build.0 = Release|Any CPU
	EndGlobalSection
	GlobalSection(SolutionProperties) = preSolution
		HideSolutionNode = FALSE
	EndGlobalSection
	GlobalSection(ExtensibilityGlobals) = postSolution
		SolutionGuid = {AD38E12B-AAAC-4264-958E-D6F07749D31F}
	EndGlobalSection
EndGlobal
